// !$*UTF8*$!
{
	archiveVersion = 1;
	classes = {
	};
	objectVersion = 50;
	objects = {

/* Begin PBXBuildFile section */
		0B8DF0D269B3874B966B85C0 /* Pods_ReligiousAppUITests.framework in Frameworks */ = {isa = PBXBuildFile; fileRef = 0F1406B42A1ABC8ACC7C90A5 /* Pods_ReligiousAppUITests.framework */; };
		24AA5EF10B90848806BF685F /* Pods_ReligiousApp.framework in Frameworks */ = {isa = PBXBuildFile; fileRef = F755D91702F95518881F7ACF /* Pods_ReligiousApp.framework */; };
		B4FAC6AD69E48E48C8DD0EE3 /* Pods_ReligiousAppTests.framework in Frameworks */ = {isa = PBXBuildFile; fileRef = 1E744D341F19CF46DCD7A9A3 /* Pods_ReligiousAppTests.framework */; };
		C9036574227368770046588C /* religious_holidays.ics in Resources */ = {isa = PBXBuildFile; fileRef = C9036573227368770046588C /* religious_holidays.ics */; };
		C96FA041227D0CC0002828C9 /* EventViewController.swift in Sources */ = {isa = PBXBuildFile; fileRef = C96FA040227D0CC0002828C9 /* EventViewController.swift */; };
		C9A8AA5B226FE6E200231FD9 /* AppDelegate.swift in Sources */ = {isa = PBXBuildFile; fileRef = C9A8AA5A226FE6E200231FD9 /* AppDelegate.swift */; };
		C9A8AA5D226FE6E200231FD9 /* ViewController.swift in Sources */ = {isa = PBXBuildFile; fileRef = C9A8AA5C226FE6E200231FD9 /* ViewController.swift */; };
		C9A8AA60226FE6E200231FD9 /* Main.storyboard in Resources */ = {isa = PBXBuildFile; fileRef = C9A8AA5E226FE6E200231FD9 /* Main.storyboard */; };
		C9A8AA62226FE6E400231FD9 /* Assets.xcassets in Resources */ = {isa = PBXBuildFile; fileRef = C9A8AA61226FE6E400231FD9 /* Assets.xcassets */; };
		C9A8AA65226FE6E400231FD9 /* LaunchScreen.storyboard in Resources */ = {isa = PBXBuildFile; fileRef = C9A8AA63226FE6E400231FD9 /* LaunchScreen.storyboard */; };
		C9A8AA70226FE6E400231FD9 /* ReligiousAppTests.swift in Sources */ = {isa = PBXBuildFile; fileRef = C9A8AA6F226FE6E400231FD9 /* ReligiousAppTests.swift */; };
		C9A8AA7B226FE6E400231FD9 /* ReligiousAppUITests.swift in Sources */ = {isa = PBXBuildFile; fileRef = C9A8AA7A226FE6E400231FD9 /* ReligiousAppUITests.swift */; };
		C9A8AA8B2270FFE800231FD9 /* TableViewController.swift in Sources */ = {isa = PBXBuildFile; fileRef = C9A8AA8A2270FFE800231FD9 /* TableViewController.swift */; };
		C9C66C13227F635C004EE009 /* MenuTableViewController.swift in Sources */ = {isa = PBXBuildFile; fileRef = C9C66C12227F635C004EE009 /* MenuTableViewController.swift */; };
/* End PBXBuildFile section */

/* Begin PBXContainerItemProxy section */
		C9A8AA6C226FE6E400231FD9 /* PBXContainerItemProxy */ = {
			isa = PBXContainerItemProxy;
			containerPortal = C9A8AA4F226FE6E200231FD9 /* Project object */;
			proxyType = 1;
			remoteGlobalIDString = C9A8AA56226FE6E200231FD9;
			remoteInfo = ReligiousApp;
		};
		C9A8AA77226FE6E400231FD9 /* PBXContainerItemProxy */ = {
			isa = PBXContainerItemProxy;
			containerPortal = C9A8AA4F226FE6E200231FD9 /* Project object */;
			proxyType = 1;
			remoteGlobalIDString = C9A8AA56226FE6E200231FD9;
			remoteInfo = ReligiousApp;
		};
/* End PBXContainerItemProxy section */

/* Begin PBXFileReference section */
		09FA5CC6B37119A0B8F9F745 /* Pods-ReligiousApp.release.xcconfig */ = {isa = PBXFileReference; includeInIndex = 1; lastKnownFileType = text.xcconfig; name = "Pods-ReligiousApp.release.xcconfig"; path = "Target Support Files/Pods-ReligiousApp/Pods-ReligiousApp.release.xcconfig"; sourceTree = "<group>"; };
		0F1406B42A1ABC8ACC7C90A5 /* Pods_ReligiousAppUITests.framework */ = {isa = PBXFileReference; explicitFileType = wrapper.framework; includeInIndex = 0; path = Pods_ReligiousAppUITests.framework; sourceTree = BUILT_PRODUCTS_DIR; };
		18B391330244E774E8A0184D /* Pods-ReligiousApp.debug.xcconfig */ = {isa = PBXFileReference; includeInIndex = 1; lastKnownFileType = text.xcconfig; name = "Pods-ReligiousApp.debug.xcconfig"; path = "Target Support Files/Pods-ReligiousApp/Pods-ReligiousApp.debug.xcconfig"; sourceTree = "<group>"; };
		1E744D341F19CF46DCD7A9A3 /* Pods_ReligiousAppTests.framework */ = {isa = PBXFileReference; explicitFileType = wrapper.framework; includeInIndex = 0; path = Pods_ReligiousAppTests.framework; sourceTree = BUILT_PRODUCTS_DIR; };
		AA54C8FFD238D140575106E4 /* Pods-ReligiousAppUITests.debug.xcconfig */ = {isa = PBXFileReference; includeInIndex = 1; lastKnownFileType = text.xcconfig; name = "Pods-ReligiousAppUITests.debug.xcconfig"; path = "Target Support Files/Pods-ReligiousAppUITests/Pods-ReligiousAppUITests.debug.xcconfig"; sourceTree = "<group>"; };
		B0B4160DCCAF172375443F6A /* Pods-ReligiousAppTests.debug.xcconfig */ = {isa = PBXFileReference; includeInIndex = 1; lastKnownFileType = text.xcconfig; name = "Pods-ReligiousAppTests.debug.xcconfig"; path = "Target Support Files/Pods-ReligiousAppTests/Pods-ReligiousAppTests.debug.xcconfig"; sourceTree = "<group>"; };
		B82FC0FC92F10168BCD8901A /* Pods-ReligiousAppTests.release.xcconfig */ = {isa = PBXFileReference; includeInIndex = 1; lastKnownFileType = text.xcconfig; name = "Pods-ReligiousAppTests.release.xcconfig"; path = "Target Support Files/Pods-ReligiousAppTests/Pods-ReligiousAppTests.release.xcconfig"; sourceTree = "<group>"; };
		C9036573227368770046588C /* religious_holidays.ics */ = {isa = PBXFileReference; fileEncoding = 4; lastKnownFileType = text; path = religious_holidays.ics; sourceTree = "<group>"; };
		C96FA040227D0CC0002828C9 /* EventViewController.swift */ = {isa = PBXFileReference; lastKnownFileType = sourcecode.swift; path = EventViewController.swift; sourceTree = "<group>"; };
		C9A8AA57226FE6E200231FD9 /* ReligiousApp.app */ = {isa = PBXFileReference; explicitFileType = wrapper.application; includeInIndex = 0; path = ReligiousApp.app; sourceTree = BUILT_PRODUCTS_DIR; };
		C9A8AA5A226FE6E200231FD9 /* AppDelegate.swift */ = {isa = PBXFileReference; lastKnownFileType = sourcecode.swift; path = AppDelegate.swift; sourceTree = "<group>"; };
		C9A8AA5C226FE6E200231FD9 /* ViewController.swift */ = {isa = PBXFileReference; lastKnownFileType = sourcecode.swift; path = ViewController.swift; sourceTree = "<group>"; };
		C9A8AA5F226FE6E200231FD9 /* Base */ = {isa = PBXFileReference; lastKnownFileType = file.storyboard; name = Base; path = Base.lproj/Main.storyboard; sourceTree = "<group>"; };
		C9A8AA61226FE6E400231FD9 /* Assets.xcassets */ = {isa = PBXFileReference; lastKnownFileType = folder.assetcatalog; path = Assets.xcassets; sourceTree = "<group>"; };
		C9A8AA64226FE6E400231FD9 /* Base */ = {isa = PBXFileReference; lastKnownFileType = file.storyboard; name = Base; path = Base.lproj/LaunchScreen.storyboard; sourceTree = "<group>"; };
		C9A8AA66226FE6E400231FD9 /* Info.plist */ = {isa = PBXFileReference; lastKnownFileType = text.plist.xml; path = Info.plist; sourceTree = "<group>"; };
		C9A8AA6B226FE6E400231FD9 /* ReligiousAppTests.xctest */ = {isa = PBXFileReference; explicitFileType = wrapper.cfbundle; includeInIndex = 0; path = ReligiousAppTests.xctest; sourceTree = BUILT_PRODUCTS_DIR; };
		C9A8AA6F226FE6E400231FD9 /* ReligiousAppTests.swift */ = {isa = PBXFileReference; lastKnownFileType = sourcecode.swift; path = ReligiousAppTests.swift; sourceTree = "<group>"; };
		C9A8AA71226FE6E400231FD9 /* Info.plist */ = {isa = PBXFileReference; lastKnownFileType = text.plist.xml; path = Info.plist; sourceTree = "<group>"; };
		C9A8AA76226FE6E400231FD9 /* ReligiousAppUITests.xctest */ = {isa = PBXFileReference; explicitFileType = wrapper.cfbundle; includeInIndex = 0; path = ReligiousAppUITests.xctest; sourceTree = BUILT_PRODUCTS_DIR; };
		C9A8AA7A226FE6E400231FD9 /* ReligiousAppUITests.swift */ = {isa = PBXFileReference; lastKnownFileType = sourcecode.swift; path = ReligiousAppUITests.swift; sourceTree = "<group>"; };
		C9A8AA7C226FE6E400231FD9 /* Info.plist */ = {isa = PBXFileReference; lastKnownFileType = text.plist.xml; path = Info.plist; sourceTree = "<group>"; };
		C9A8AA8A2270FFE800231FD9 /* TableViewController.swift */ = {isa = PBXFileReference; lastKnownFileType = sourcecode.swift; path = TableViewController.swift; sourceTree = "<group>"; };
		C9C66C12227F635C004EE009 /* MenuTableViewController.swift */ = {isa = PBXFileReference; lastKnownFileType = sourcecode.swift; path = MenuTableViewController.swift; sourceTree = "<group>"; };
		F755D91702F95518881F7ACF /* Pods_ReligiousApp.framework */ = {isa = PBXFileReference; explicitFileType = wrapper.framework; includeInIndex = 0; path = Pods_ReligiousApp.framework; sourceTree = BUILT_PRODUCTS_DIR; };
		FD0A5B05D190E94B51D2785E /* Pods-ReligiousAppUITests.release.xcconfig */ = {isa = PBXFileReference; includeInIndex = 1; lastKnownFileType = text.xcconfig; name = "Pods-ReligiousAppUITests.release.xcconfig"; path = "Target Support Files/Pods-ReligiousAppUITests/Pods-ReligiousAppUITests.release.xcconfig"; sourceTree = "<group>"; };
/* End PBXFileReference section */

/* Begin PBXFrameworksBuildPhase section */
		C9A8AA54226FE6E200231FD9 /* Frameworks */ = {
			isa = PBXFrameworksBuildPhase;
			buildActionMask = 2147483647;
			files = (
				24AA5EF10B90848806BF685F /* Pods_ReligiousApp.framework in Frameworks */,
			);
			runOnlyForDeploymentPostprocessing = 0;
		};
		C9A8AA68226FE6E400231FD9 /* Frameworks */ = {
			isa = PBXFrameworksBuildPhase;
			buildActionMask = 2147483647;
			files = (
				B4FAC6AD69E48E48C8DD0EE3 /* Pods_ReligiousAppTests.framework in Frameworks */,
			);
			runOnlyForDeploymentPostprocessing = 0;
		};
		C9A8AA73226FE6E400231FD9 /* Frameworks */ = {
			isa = PBXFrameworksBuildPhase;
			buildActionMask = 2147483647;
			files = (
				0B8DF0D269B3874B966B85C0 /* Pods_ReligiousAppUITests.framework in Frameworks */,
			);
			runOnlyForDeploymentPostprocessing = 0;
		};
/* End PBXFrameworksBuildPhase section */

/* Begin PBXGroup section */
		9C5D4BB28062B3B5B877A79D /* Frameworks */ = {
			isa = PBXGroup;
			children = (
				F755D91702F95518881F7ACF /* Pods_ReligiousApp.framework */,
				1E744D341F19CF46DCD7A9A3 /* Pods_ReligiousAppTests.framework */,
				0F1406B42A1ABC8ACC7C90A5 /* Pods_ReligiousAppUITests.framework */,
			);
			name = Frameworks;
			sourceTree = "<group>";
		};
		C86D09ACDB008D28CD72E185 /* Pods */ = {
			isa = PBXGroup;
			children = (
				18B391330244E774E8A0184D /* Pods-ReligiousApp.debug.xcconfig */,
				09FA5CC6B37119A0B8F9F745 /* Pods-ReligiousApp.release.xcconfig */,
				B0B4160DCCAF172375443F6A /* Pods-ReligiousAppTests.debug.xcconfig */,
				B82FC0FC92F10168BCD8901A /* Pods-ReligiousAppTests.release.xcconfig */,
				AA54C8FFD238D140575106E4 /* Pods-ReligiousAppUITests.debug.xcconfig */,
				FD0A5B05D190E94B51D2785E /* Pods-ReligiousAppUITests.release.xcconfig */,
			);
			name = Pods;
			path = Pods;
			sourceTree = "<group>";
		};
		C9A8AA4E226FE6E200231FD9 = {
			isa = PBXGroup;
			children = (
				C9036573227368770046588C /* religious_holidays.ics */,
				C9A8AA59226FE6E200231FD9 /* ReligiousApp */,
				C9A8AA6E226FE6E400231FD9 /* ReligiousAppTests */,
				C9A8AA79226FE6E400231FD9 /* ReligiousAppUITests */,
				C9A8AA58226FE6E200231FD9 /* Products */,
				C86D09ACDB008D28CD72E185 /* Pods */,
				9C5D4BB28062B3B5B877A79D /* Frameworks */,
			);
			sourceTree = "<group>";
		};
		C9A8AA58226FE6E200231FD9 /* Products */ = {
			isa = PBXGroup;
			children = (
				C9A8AA57226FE6E200231FD9 /* ReligiousApp.app */,
				C9A8AA6B226FE6E400231FD9 /* ReligiousAppTests.xctest */,
				C9A8AA76226FE6E400231FD9 /* ReligiousAppUITests.xctest */,
			);
			name = Products;
			sourceTree = "<group>";
		};
		C9A8AA59226FE6E200231FD9 /* ReligiousApp */ = {
			isa = PBXGroup;
			children = (
				C9A8AA5A226FE6E200231FD9 /* AppDelegate.swift */,
				C9A8AA5C226FE6E200231FD9 /* ViewController.swift */,
				C9A8AA8A2270FFE800231FD9 /* TableViewController.swift */,
				C96FA040227D0CC0002828C9 /* EventViewController.swift */,
				C9C66C12227F635C004EE009 /* MenuTableViewController.swift */,
				C9A8AA5E226FE6E200231FD9 /* Main.storyboard */,
				C9A8AA61226FE6E400231FD9 /* Assets.xcassets */,
				C9A8AA63226FE6E400231FD9 /* LaunchScreen.storyboard */,
				C9A8AA66226FE6E400231FD9 /* Info.plist */,
			);
			path = ReligiousApp;
			sourceTree = "<group>";
		};
		C9A8AA6E226FE6E400231FD9 /* ReligiousAppTests */ = {
			isa = PBXGroup;
			children = (
				C9A8AA6F226FE6E400231FD9 /* ReligiousAppTests.swift */,
				C9A8AA71226FE6E400231FD9 /* Info.plist */,
			);
			path = ReligiousAppTests;
			sourceTree = "<group>";
		};
		C9A8AA79226FE6E400231FD9 /* ReligiousAppUITests */ = {
			isa = PBXGroup;
			children = (
				C9A8AA7A226FE6E400231FD9 /* ReligiousAppUITests.swift */,
				C9A8AA7C226FE6E400231FD9 /* Info.plist */,
			);
			path = ReligiousAppUITests;
			sourceTree = "<group>";
		};
/* End PBXGroup section */

/* Begin PBXNativeTarget section */
		C9A8AA56226FE6E200231FD9 /* ReligiousApp */ = {
			isa = PBXNativeTarget;
			buildConfigurationList = C9A8AA7F226FE6E400231FD9 /* Build configuration list for PBXNativeTarget "ReligiousApp" */;
			buildPhases = (
				FEB8B352CE6E2E214FC196E9 /* [CP] Check Pods Manifest.lock */,
				C9A8AA53226FE6E200231FD9 /* Sources */,
				C9A8AA54226FE6E200231FD9 /* Frameworks */,
				C9A8AA55226FE6E200231FD9 /* Resources */,
				5FAA43E1DBFE96612E0A9CB4 /* [CP] Embed Pods Frameworks */,
			);
			buildRules = (
			);
			dependencies = (
			);
			name = ReligiousApp;
			productName = ReligiousApp;
			productReference = C9A8AA57226FE6E200231FD9 /* ReligiousApp.app */;
			productType = "com.apple.product-type.application";
		};
		C9A8AA6A226FE6E400231FD9 /* ReligiousAppTests */ = {
			isa = PBXNativeTarget;
			buildConfigurationList = C9A8AA82226FE6E400231FD9 /* Build configuration list for PBXNativeTarget "ReligiousAppTests" */;
			buildPhases = (
				AB12749FAFC3C8E324734ABA /* [CP] Check Pods Manifest.lock */,
				C9A8AA67226FE6E400231FD9 /* Sources */,
				C9A8AA68226FE6E400231FD9 /* Frameworks */,
				C9A8AA69226FE6E400231FD9 /* Resources */,
			);
			buildRules = (
			);
			dependencies = (
				C9A8AA6D226FE6E400231FD9 /* PBXTargetDependency */,
			);
			name = ReligiousAppTests;
			productName = ReligiousAppTests;
			productReference = C9A8AA6B226FE6E400231FD9 /* ReligiousAppTests.xctest */;
			productType = "com.apple.product-type.bundle.unit-test";
		};
		C9A8AA75226FE6E400231FD9 /* ReligiousAppUITests */ = {
			isa = PBXNativeTarget;
			buildConfigurationList = C9A8AA85226FE6E400231FD9 /* Build configuration list for PBXNativeTarget "ReligiousAppUITests" */;
			buildPhases = (
				93E263FE92AC1960610DABD0 /* [CP] Check Pods Manifest.lock */,
				C9A8AA72226FE6E400231FD9 /* Sources */,
				C9A8AA73226FE6E400231FD9 /* Frameworks */,
				C9A8AA74226FE6E400231FD9 /* Resources */,
			);
			buildRules = (
			);
			dependencies = (
				C9A8AA78226FE6E400231FD9 /* PBXTargetDependency */,
			);
			name = ReligiousAppUITests;
			productName = ReligiousAppUITests;
			productReference = C9A8AA76226FE6E400231FD9 /* ReligiousAppUITests.xctest */;
			productType = "com.apple.product-type.bundle.ui-testing";
		};
/* End PBXNativeTarget section */

/* Begin PBXProject section */
		C9A8AA4F226FE6E200231FD9 /* Project object */ = {
			isa = PBXProject;
			attributes = {
				LastSwiftUpdateCheck = 1020;
				LastUpgradeCheck = 1020;
				ORGANIZATIONNAME = "Trenton Parrotte";
				TargetAttributes = {
					C9A8AA56226FE6E200231FD9 = {
						CreatedOnToolsVersion = 10.2;
					};
					C9A8AA6A226FE6E400231FD9 = {
						CreatedOnToolsVersion = 10.2;
						TestTargetID = C9A8AA56226FE6E200231FD9;
					};
					C9A8AA75226FE6E400231FD9 = {
						CreatedOnToolsVersion = 10.2;
						TestTargetID = C9A8AA56226FE6E200231FD9;
					};
				};
			};
			buildConfigurationList = C9A8AA52226FE6E200231FD9 /* Build configuration list for PBXProject "ReligiousApp" */;
			compatibilityVersion = "Xcode 9.3";
			developmentRegion = en;
			hasScannedForEncodings = 0;
			knownRegions = (
				en,
				Base,
			);
			mainGroup = C9A8AA4E226FE6E200231FD9;
			productRefGroup = C9A8AA58226FE6E200231FD9 /* Products */;
			projectDirPath = "";
			projectRoot = "";
			targets = (
				C9A8AA56226FE6E200231FD9 /* ReligiousApp */,
				C9A8AA6A226FE6E400231FD9 /* ReligiousAppTests */,
				C9A8AA75226FE6E400231FD9 /* ReligiousAppUITests */,
			);
		};
/* End PBXProject section */

/* Begin PBXResourcesBuildPhase section */
		C9A8AA55226FE6E200231FD9 /* Resources */ = {
			isa = PBXResourcesBuildPhase;
			buildActionMask = 2147483647;
			files = (
				C9036574227368770046588C /* religious_holidays.ics in Resources */,
				C9A8AA65226FE6E400231FD9 /* LaunchScreen.storyboard in Resources */,
				C9A8AA62226FE6E400231FD9 /* Assets.xcassets in Resources */,
				C9A8AA60226FE6E200231FD9 /* Main.storyboard in Resources */,
			);
			runOnlyForDeploymentPostprocessing = 0;
		};
		C9A8AA69226FE6E400231FD9 /* Resources */ = {
			isa = PBXResourcesBuildPhase;
			buildActionMask = 2147483647;
			files = (
			);
			runOnlyForDeploymentPostprocessing = 0;
		};
		C9A8AA74226FE6E400231FD9 /* Resources */ = {
			isa = PBXResourcesBuildPhase;
			buildActionMask = 2147483647;
			files = (
			);
			runOnlyForDeploymentPostprocessing = 0;
		};
/* End PBXResourcesBuildPhase section */

/* Begin PBXShellScriptBuildPhase section */
		5FAA43E1DBFE96612E0A9CB4 /* [CP] Embed Pods Frameworks */ = {
			isa = PBXShellScriptBuildPhase;
			buildActionMask = 2147483647;
			files = (
			);
			inputFileListPaths = (
			);
			inputPaths = (
				"${PODS_ROOT}/Target Support Files/Pods-ReligiousApp/Pods-ReligiousApp-frameworks.sh",
				"${BUILT_PRODUCTS_DIR}/SDWebImage/SDWebImage.framework",
			);
			name = "[CP] Embed Pods Frameworks";
			outputFileListPaths = (
			);
			outputPaths = (
				"${TARGET_BUILD_DIR}/${FRAMEWORKS_FOLDER_PATH}/SDWebImage.framework",
			);
			runOnlyForDeploymentPostprocessing = 0;
			shellPath = /bin/sh;
			shellScript = "\"${PODS_ROOT}/Target Support Files/Pods-ReligiousApp/Pods-ReligiousApp-frameworks.sh\"\n";
			showEnvVarsInLog = 0;
		};
		93E263FE92AC1960610DABD0 /* [CP] Check Pods Manifest.lock */ = {
			isa = PBXShellScriptBuildPhase;
			buildActionMask = 2147483647;
			files = (
			);
			inputFileListPaths = (
			);
			inputPaths = (
				"${PODS_PODFILE_DIR_PATH}/Podfile.lock",
				"${PODS_ROOT}/Manifest.lock",
			);
			name = "[CP] Check Pods Manifest.lock";
			outputFileListPaths = (
			);
			outputPaths = (
				"$(DERIVED_FILE_DIR)/Pods-ReligiousAppUITests-checkManifestLockResult.txt",
			);
			runOnlyForDeploymentPostprocessing = 0;
			shellPath = /bin/sh;
			shellScript = "diff \"${PODS_PODFILE_DIR_PATH}/Podfile.lock\" \"${PODS_ROOT}/Manifest.lock\" > /dev/null\nif [ $? != 0 ] ; then\n    # print error to STDERR\n    echo \"error: The sandbox is not in sync with the Podfile.lock. Run 'pod install' or update your CocoaPods installation.\" >&2\n    exit 1\nfi\n# This output is used by Xcode 'outputs' to avoid re-running this script phase.\necho \"SUCCESS\" > \"${SCRIPT_OUTPUT_FILE_0}\"\n";
			showEnvVarsInLog = 0;
		};
		AB12749FAFC3C8E324734ABA /* [CP] Check Pods Manifest.lock */ = {
			isa = PBXShellScriptBuildPhase;
			buildActionMask = 2147483647;
			files = (
			);
			inputFileListPaths = (
			);
			inputPaths = (
				"${PODS_PODFILE_DIR_PATH}/Podfile.lock",
				"${PODS_ROOT}/Manifest.lock",
			);
			name = "[CP] Check Pods Manifest.lock";
			outputFileListPaths = (
			);
			outputPaths = (
				"$(DERIVED_FILE_DIR)/Pods-ReligiousAppTests-checkManifestLockResult.txt",
			);
			runOnlyForDeploymentPostprocessing = 0;
			shellPath = /bin/sh;
			shellScript = "diff \"${PODS_PODFILE_DIR_PATH}/Podfile.lock\" \"${PODS_ROOT}/Manifest.lock\" > /dev/null\nif [ $? != 0 ] ; then\n    # print error to STDERR\n    echo \"error: The sandbox is not in sync with the Podfile.lock. Run 'pod install' or update your CocoaPods installation.\" >&2\n    exit 1\nfi\n# This output is used by Xcode 'outputs' to avoid re-running this script phase.\necho \"SUCCESS\" > \"${SCRIPT_OUTPUT_FILE_0}\"\n";
			showEnvVarsInLog = 0;
		};
		FEB8B352CE6E2E214FC196E9 /* [CP] Check Pods Manifest.lock */ = {
			isa = PBXShellScriptBuildPhase;
			buildActionMask = 2147483647;
			files = (
			);
			inputFileListPaths = (
			);
			inputPaths = (
				"${PODS_PODFILE_DIR_PATH}/Podfile.lock",
				"${PODS_ROOT}/Manifest.lock",
			);
			name = "[CP] Check Pods Manifest.lock";
			outputFileListPaths = (
			);
			outputPaths = (
				"$(DERIVED_FILE_DIR)/Pods-ReligiousApp-checkManifestLockResult.txt",
			);
			runOnlyForDeploymentPostprocessing = 0;
			shellPath = /bin/sh;
			shellScript = "diff \"${PODS_PODFILE_DIR_PATH}/Podfile.lock\" \"${PODS_ROOT}/Manifest.lock\" > /dev/null\nif [ $? != 0 ] ; then\n    # print error to STDERR\n    echo \"error: The sandbox is not in sync with the Podfile.lock. Run 'pod install' or update your CocoaPods installation.\" >&2\n    exit 1\nfi\n# This output is used by Xcode 'outputs' to avoid re-running this script phase.\necho \"SUCCESS\" > \"${SCRIPT_OUTPUT_FILE_0}\"\n";
			showEnvVarsInLog = 0;
		};
/* End PBXShellScriptBuildPhase section */

/* Begin PBXSourcesBuildPhase section */
		C9A8AA53226FE6E200231FD9 /* Sources */ = {
			isa = PBXSourcesBuildPhase;
			buildActionMask = 2147483647;
			files = (
				C9A8AA5D226FE6E200231FD9 /* ViewController.swift in Sources */,
				C96FA041227D0CC0002828C9 /* EventViewController.swift in Sources */,
				C9C66C13227F635C004EE009 /* MenuTableViewController.swift in Sources */,
				C9A8AA8B2270FFE800231FD9 /* TableViewController.swift in Sources */,
				C9A8AA5B226FE6E200231FD9 /* AppDelegate.swift in Sources */,
			);
			runOnlyForDeploymentPostprocessing = 0;
		};
		C9A8AA67226FE6E400231FD9 /* Sources */ = {
			isa = PBXSourcesBuildPhase;
			buildActionMask = 2147483647;
			files = (
				C9A8AA70226FE6E400231FD9 /* ReligiousAppTests.swift in Sources */,
			);
			runOnlyForDeploymentPostprocessing = 0;
		};
		C9A8AA72226FE6E400231FD9 /* Sources */ = {
			isa = PBXSourcesBuildPhase;
			buildActionMask = 2147483647;
			files = (
				C9A8AA7B226FE6E400231FD9 /* ReligiousAppUITests.swift in Sources */,
			);
			runOnlyForDeploymentPostprocessing = 0;
		};
/* End PBXSourcesBuildPhase section */

/* Begin PBXTargetDependency section */
		C9A8AA6D226FE6E400231FD9 /* PBXTargetDependency */ = {
			isa = PBXTargetDependency;
			target = C9A8AA56226FE6E200231FD9 /* ReligiousApp */;
			targetProxy = C9A8AA6C226FE6E400231FD9 /* PBXContainerItemProxy */;
		};
		C9A8AA78226FE6E400231FD9 /* PBXTargetDependency */ = {
			isa = PBXTargetDependency;
			target = C9A8AA56226FE6E200231FD9 /* ReligiousApp */;
			targetProxy = C9A8AA77226FE6E400231FD9 /* PBXContainerItemProxy */;
		};
/* End PBXTargetDependency section */

/* Begin PBXVariantGroup section */
		C9A8AA5E226FE6E200231FD9 /* Main.storyboard */ = {
			isa = PBXVariantGroup;
			children = (
				C9A8AA5F226FE6E200231FD9 /* Base */,
			);
			name = Main.storyboard;
			sourceTree = "<group>";
		};
		C9A8AA63226FE6E400231FD9 /* LaunchScreen.storyboard */ = {
			isa = PBXVariantGroup;
			children = (
				C9A8AA64226FE6E400231FD9 /* Base */,
			);
			name = LaunchScreen.storyboard;
			sourceTree = "<group>";
		};
/* End PBXVariantGroup section */

/* Begin XCBuildConfiguration section */
		C9A8AA7D226FE6E400231FD9 /* Debug */ = {
			isa = XCBuildConfiguration;
			buildSettings = {
				ALWAYS_SEARCH_USER_PATHS = NO;
				CLANG_ANALYZER_NONNULL = YES;
				CLANG_ANALYZER_NUMBER_OBJECT_CONVERSION = YES_AGGRESSIVE;
				CLANG_CXX_LANGUAGE_STANDARD = "gnu++14";
				CLANG_CXX_LIBRARY = "libc++";
				CLANG_ENABLE_MODULES = YES;
				CLANG_ENABLE_OBJC_ARC = YES;
				CLANG_ENABLE_OBJC_WEAK = YES;
				CLANG_WARN_BLOCK_CAPTURE_AUTORELEASING = YES;
				CLANG_WARN_BOOL_CONVERSION = YES;
				CLANG_WARN_COMMA = YES;
				CLANG_WARN_CONSTANT_CONVERSION = YES;
				CLANG_WARN_DEPRECATED_OBJC_IMPLEMENTATIONS = YES;
				CLANG_WARN_DIRECT_OBJC_ISA_USAGE = YES_ERROR;
				CLANG_WARN_DOCUMENTATION_COMMENTS = YES;
				CLANG_WARN_EMPTY_BODY = YES;
				CLANG_WARN_ENUM_CONVERSION = YES;
				CLANG_WARN_INFINITE_RECURSION = YES;
				CLANG_WARN_INT_CONVERSION = YES;
				CLANG_WARN_NON_LITERAL_NULL_CONVERSION = YES;
				CLANG_WARN_OBJC_IMPLICIT_RETAIN_SELF = YES;
				CLANG_WARN_OBJC_LITERAL_CONVERSION = YES;
				CLANG_WARN_OBJC_ROOT_CLASS = YES_ERROR;
				CLANG_WARN_RANGE_LOOP_ANALYSIS = YES;
				CLANG_WARN_STRICT_PROTOTYPES = YES;
				CLANG_WARN_SUSPICIOUS_MOVE = YES;
				CLANG_WARN_UNGUARDED_AVAILABILITY = YES_AGGRESSIVE;
				CLANG_WARN_UNREACHABLE_CODE = YES;
				CLANG_WARN__DUPLICATE_METHOD_MATCH = YES;
				CODE_SIGN_IDENTITY = "iPhone Developer";
				COPY_PHASE_STRIP = NO;
				DEBUG_INFORMATION_FORMAT = dwarf;
				ENABLE_STRICT_OBJC_MSGSEND = YES;
				ENABLE_TESTABILITY = YES;
				GCC_C_LANGUAGE_STANDARD = gnu11;
				GCC_DYNAMIC_NO_PIC = NO;
				GCC_NO_COMMON_BLOCKS = YES;
				GCC_OPTIMIZATION_LEVEL = 0;
				GCC_PREPROCESSOR_DEFINITIONS = (
					"DEBUG=1",
					"$(inherited)",
				);
				GCC_WARN_64_TO_32_BIT_CONVERSION = YES;
				GCC_WARN_ABOUT_RETURN_TYPE = YES_ERROR;
				GCC_WARN_UNDECLARED_SELECTOR = YES;
				GCC_WARN_UNINITIALIZED_AUTOS = YES_AGGRESSIVE;
				GCC_WARN_UNUSED_FUNCTION = YES;
				GCC_WARN_UNUSED_VARIABLE = YES;
				IPHONEOS_DEPLOYMENT_TARGET = 12.2;
				MTL_ENABLE_DEBUG_INFO = INCLUDE_SOURCE;
				MTL_FAST_MATH = YES;
				ONLY_ACTIVE_ARCH = YES;
				SDKROOT = iphoneos;
				SWIFT_ACTIVE_COMPILATION_CONDITIONS = DEBUG;
				SWIFT_OPTIMIZATION_LEVEL = "-Onone";
			};
			name = Debug;
		};
		C9A8AA7E226FE6E400231FD9 /* Release */ = {
			isa = XCBuildConfiguration;
			buildSettings = {
				ALWAYS_SEARCH_USER_PATHS = NO;
				CLANG_ANALYZER_NONNULL = YES;
				CLANG_ANALYZER_NUMBER_OBJECT_CONVERSION = YES_AGGRESSIVE;
				CLANG_CXX_LANGUAGE_STANDARD = "gnu++14";
				CLANG_CXX_LIBRARY = "libc++";
				CLANG_ENABLE_MODULES = YES;
				CLANG_ENABLE_OBJC_ARC = YES;
				CLANG_ENABLE_OBJC_WEAK = YES;
				CLANG_WARN_BLOCK_CAPTURE_AUTORELEASING = YES;
				CLANG_WARN_BOOL_CONVERSION = YES;
				CLANG_WARN_COMMA = YES;
				CLANG_WARN_CONSTANT_CONVERSION = YES;
				CLANG_WARN_DEPRECATED_OBJC_IMPLEMENTATIONS = YES;
				CLANG_WARN_DIRECT_OBJC_ISA_USAGE = YES_ERROR;
				CLANG_WARN_DOCUMENTATION_COMMENTS = YES;
				CLANG_WARN_EMPTY_BODY = YES;
				CLANG_WARN_ENUM_CONVERSION = YES;
				CLANG_WARN_INFINITE_RECURSION = YES;
				CLANG_WARN_INT_CONVERSION = YES;
				CLANG_WARN_NON_LITERAL_NULL_CONVERSION = YES;
				CLANG_WARN_OBJC_IMPLICIT_RETAIN_SELF = YES;
				CLANG_WARN_OBJC_LITERAL_CONVERSION = YES;
				CLANG_WARN_OBJC_ROOT_CLASS = YES_ERROR;
				CLANG_WARN_RANGE_LOOP_ANALYSIS = YES;
				CLANG_WARN_STRICT_PROTOTYPES = YES;
				CLANG_WARN_SUSPICIOUS_MOVE = YES;
				CLANG_WARN_UNGUARDED_AVAILABILITY = YES_AGGRESSIVE;
				CLANG_WARN_UNREACHABLE_CODE = YES;
				CLANG_WARN__DUPLICATE_METHOD_MATCH = YES;
				CODE_SIGN_IDENTITY = "iPhone Developer";
				COPY_PHASE_STRIP = NO;
				DEBUG_INFORMATION_FORMAT = "dwarf-with-dsym";
				ENABLE_NS_ASSERTIONS = NO;
				ENABLE_STRICT_OBJC_MSGSEND = YES;
				GCC_C_LANGUAGE_STANDARD = gnu11;
				GCC_NO_COMMON_BLOCKS = YES;
				GCC_WARN_64_TO_32_BIT_CONVERSION = YES;
				GCC_WARN_ABOUT_RETURN_TYPE = YES_ERROR;
				GCC_WARN_UNDECLARED_SELECTOR = YES;
				GCC_WARN_UNINITIALIZED_AUTOS = YES_AGGRESSIVE;
				GCC_WARN_UNUSED_FUNCTION = YES;
				GCC_WARN_UNUSED_VARIABLE = YES;
				IPHONEOS_DEPLOYMENT_TARGET = 12.2;
				MTL_ENABLE_DEBUG_INFO = NO;
				MTL_FAST_MATH = YES;
				SDKROOT = iphoneos;
				SWIFT_COMPILATION_MODE = wholemodule;
				SWIFT_OPTIMIZATION_LEVEL = "-O";
				VALIDATE_PRODUCT = YES;
			};
			name = Release;
		};
		C9A8AA80226FE6E400231FD9 /* Debug */ = {
			isa = XCBuildConfiguration;
			baseConfigurationReference = 18B391330244E774E8A0184D /* Pods-ReligiousApp.debug.xcconfig */;
			buildSettings = {
				ASSETCATALOG_COMPILER_APPICON_NAME = AppIcon;
				CODE_SIGN_STYLE = Automatic;
				DEVELOPMENT_TEAM = 4P4WEF5DNU;
				INFOPLIST_FILE = ReligiousApp/Info.plist;
				LD_RUNPATH_SEARCH_PATHS = (
					"$(inherited)",
					"@executable_path/Frameworks",
				);
				PRODUCT_BUNDLE_IDENTIFIER = edu.du.ReligiousApp;
				PRODUCT_NAME = "$(TARGET_NAME)";
				SWIFT_VERSION = 5.0;
				TARGETED_DEVICE_FAMILY = "1,2";
			};
			name = Debug;
		};
		C9A8AA81226FE6E400231FD9 /* Release */ = {
			isa = XCBuildConfiguration;
			baseConfigurationReference = 09FA5CC6B37119A0B8F9F745 /* Pods-ReligiousApp.release.xcconfig */;
			buildSettings = {
				ASSETCATALOG_COMPILER_APPICON_NAME = AppIcon;
				CODE_SIGN_STYLE = Automatic;
				DEVELOPMENT_TEAM = 4P4WEF5DNU;
				INFOPLIST_FILE = ReligiousApp/Info.plist;
				LD_RUNPATH_SEARCH_PATHS = (
					"$(inherited)",
					"@executable_path/Frameworks",
				);
				PRODUCT_BUNDLE_IDENTIFIER = edu.du.ReligiousApp;
				PRODUCT_NAME = "$(TARGET_NAME)";
				SWIFT_VERSION = 5.0;
				TARGETED_DEVICE_FAMILY = "1,2";
			};
			name = Release;
		};
		C9A8AA83226FE6E400231FD9 /* Debug */ = {
			isa = XCBuildConfiguration;
			baseConfigurationReference = B0B4160DCCAF172375443F6A /* Pods-ReligiousAppTests.debug.xcconfig */;
			buildSettings = {
				ALWAYS_EMBED_SWIFT_STANDARD_LIBRARIES = YES;
				BUNDLE_LOADER = "$(TEST_HOST)";
				CODE_SIGN_STYLE = Automatic;
				DEVELOPMENT_TEAM = 4P4WEF5DNU;
				INFOPLIST_FILE = ReligiousAppTests/Info.plist;
				LD_RUNPATH_SEARCH_PATHS = (
					"$(inherited)",
					"@executable_path/Frameworks",
					"@loader_path/Frameworks",
				);
				PRODUCT_BUNDLE_IDENTIFIER = edu.du.ReligiousAppTests;
				PRODUCT_NAME = "$(TARGET_NAME)";
				SWIFT_VERSION = 5.0;
				TARGETED_DEVICE_FAMILY = "1,2";
				TEST_HOST = "$(BUILT_PRODUCTS_DIR)/ReligiousApp.app/ReligiousApp";
			};
			name = Debug;
		};
		C9A8AA84226FE6E400231FD9 /* Release */ = {
			isa = XCBuildConfiguration;
			baseConfigurationReference = B82FC0FC92F10168BCD8901A /* Pods-ReligiousAppTests.release.xcconfig */;
			buildSettings = {
				ALWAYS_EMBED_SWIFT_STANDARD_LIBRARIES = YES;
				BUNDLE_LOADER = "$(TEST_HOST)";
				CODE_SIGN_STYLE = Automatic;
				DEVELOPMENT_TEAM = 4P4WEF5DNU;
				INFOPLIST_FILE = ReligiousAppTests/Info.plist;
				LD_RUNPATH_SEARCH_PATHS = (
					"$(inherited)",
					"@executable_path/Frameworks",
					"@loader_path/Frameworks",
				);
				PRODUCT_BUNDLE_IDENTIFIER = edu.du.ReligiousAppTests;
				PRODUCT_NAME = "$(TARGET_NAME)";
				SWIFT_VERSION = 5.0;
				TARGETED_DEVICE_FAMILY = "1,2";
				TEST_HOST = "$(BUILT_PRODUCTS_DIR)/ReligiousApp.app/ReligiousApp";
			};
			name = Release;
		};
		C9A8AA86226FE6E400231FD9 /* Debug */ = {
			isa = XCBuildConfiguration;
			baseConfigurationReference = AA54C8FFD238D140575106E4 /* Pods-ReligiousAppUITests.debug.xcconfig */;
			buildSettings = {
				ALWAYS_EMBED_SWIFT_STANDARD_LIBRARIES = YES;
				CODE_SIGN_STYLE = Automatic;
				DEVELOPMENT_TEAM = 4P4WEF5DNU;
				INFOPLIST_FILE = ReligiousAppUITests/Info.plist;
				LD_RUNPATH_SEARCH_PATHS = (
					"$(inherited)",
					"@executable_path/Frameworks",
					"@loader_path/Frameworks",
				);
				PRODUCT_BUNDLE_IDENTIFIER = edu.du.ReligiousAppUITests;
				PRODUCT_NAME = "$(TARGET_NAME)";
				SWIFT_VERSION = 5.0;
				TARGETED_DEVICE_FAMILY = "1,2";
				TEST_TARGET_NAME = ReligiousApp;
			};
			name = Debug;
		};
		C9A8AA87226FE6E400231FD9 /* Release */ = {
			isa = XCBuildConfiguration;
			baseConfigurationReference = FD0A5B05D190E94B51D2785E /* Pods-ReligiousAppUITests.release.xcconfig */;
			buildSettings = {
				ALWAYS_EMBED_SWIFT_STANDARD_LIBRARIES = YES;
				CODE_SIGN_STYLE = Automatic;
				DEVELOPMENT_TEAM = 4P4WEF5DNU;
				INFOPLIST_FILE = ReligiousAppUITests/Info.plist;
				LD_RUNPATH_SEARCH_PATHS = (
					"$(inherited)",
					"@executable_path/Frameworks",
					"@loader_path/Frameworks",
				);
				PRODUCT_BUNDLE_IDENTIFIER = edu.du.ReligiousAppUITests;
				PRODUCT_NAME = "$(TARGET_NAME)";
				SWIFT_VERSION = 5.0;
				TARGETED_DEVICE_FAMILY = "1,2";
				TEST_TARGET_NAME = ReligiousApp;
			};
			name = Release;
		};
/* End XCBuildConfiguration section */

/* Begin XCConfigurationList section */
		C9A8AA52226FE6E200231FD9 /* Build configuration list for PBXProject "ReligiousApp" */ = {
			isa = XCConfigurationList;
			buildConfigurations = (
				C9A8AA7D226FE6E400231FD9 /* Debug */,
				C9A8AA7E226FE6E400231FD9 /* Release */,
			);
			defaultConfigurationIsVisible = 0;
			defaultConfigurationName = Release;
		};
		C9A8AA7F226FE6E400231FD9 /* Build configuration list for PBXNativeTarget "ReligiousApp" */ = {
			isa = XCConfigurationList;
			buildConfigurations = (
				C9A8AA80226FE6E400231FD9 /* Debug */,
				C9A8AA81226FE6E400231FD9 /* Release */,
			);
			defaultConfigurationIsVisible = 0;
			defaultConfigurationName = Release;
		};
		C9A8AA82226FE6E400231FD9 /* Build configuration list for PBXNativeTarget "ReligiousAppTests" */ = {
			isa = XCConfigurationList;
			buildConfigurations = (
				C9A8AA83226FE6E400231FD9 /* Debug */,
				C9A8AA84226FE6E400231FD9 /* Release */,
			);
			defaultConfigurationIsVisible = 0;
			defaultConfigurationName = Release;
		};
		C9A8AA85226FE6E400231FD9 /* Build configuration list for PBXNativeTarget "ReligiousAppUITests" */ = {
			isa = XCConfigurationList;
			buildConfigurations = (
				C9A8AA86226FE6E400231FD9 /* Debug */,
				C9A8AA87226FE6E400231FD9 /* Release */,
			);
			defaultConfigurationIsVisible = 0;
			defaultConfigurationName = Release;
		};
/* End XCConfigurationList section */
	};
	rootObject = C9A8AA4F226FE6E200231FD9 /* Project object */;
}
